
Microsoft Visual Studio Solution File, Format Version 12.00
# Visual Studio Version 17
VisualStudioVersion = 17.0.31903.59
MinimumVisualStudioVersion = 10.0.40219.1
Project("{2150E333-8FDC-42A3-9474-1A3956D46DE8}") = "src", "src", "{C79F9982-AF4B-41B0-8E9B-B117144D368D}"
EndProject
Project("{2150E333-8FDC-42A3-9474-1A3956D46DE8}") = "test", "test", "{E0A4DFA0-72D6-409A-AC09-20E9A722914F}"
EndProject
Project("{FAE04EC0-301F-11D3-BF4B-00C04F79EFBC}") = "RegularExpressions.Extension", "src\RegularExpressoins.Extension\RegularExpressions.Extension.csproj", "{4884584D-0DBC-4760-A177-12636791B769}"
EndProject
Project("{FAE04EC0-301F-11D3-BF4B-00C04F79EFBC}") = "RegularExpressions.Extension.Test", "test\RegularExpressions.Extension.Test\RegularExpressions.Extension.Test.csproj", "{0EB8A42C-1A95-4EC5-890E-6B8D2FAA8D03}"
EndProject
Global
	GlobalSection(SolutionConfigurationPlatforms) = preSolution
		Debug|Any CPU = Debug|Any CPU
		Release|Any CPU = Release|Any CPU
	EndGlobalSection
	GlobalSection(ProjectConfigurationPlatforms) = postSolution
		{4884584D-0DBC-4760-A177-12636791B769}.Debug|Any CPU.ActiveCfg = Debug|Any CPU
		{4884584D-0DBC-4760-A177-12636791B769}.Debug|Any CPU.Build.0 = Debug|Any CPU
		{4884584D-0DBC-4760-A177-12636791B769}.Release|Any CPU.ActiveCfg = Release|Any CPU
		{4884584D-0DBC-4760-A177-12636791B769}.Release|Any CPU.Build.0 = Release|Any CPU
		{0EB8A42C-1A95-4EC5-890E-6B8D2FAA8D03}.Debug|Any CPU.ActiveCfg = Debug|Any CPU
		{0EB8A42C-1A95-4EC5-890E-6B8D2FAA8D03}.Debug|Any CPU.Build.0 = Debug|Any CPU
		{0EB8A42C-1A95-4EC5-890E-6B8D2FAA8D03}.Release|Any CPU.ActiveCfg = Release|Any CPU
		{0EB8A42C-1A95-4EC5-890E-6B8D2FAA8D03}.Release|Any CPU.Build.0 = Release|Any CPU
	EndGlobalSection
	GlobalSection(SolutionProperties) = preSolution
		HideSolutionNode = FALSE
	EndGlobalSection
	GlobalSection(NestedProjects) = preSolution
		{4884584D-0DBC-4760-A177-12636791B769} = {C79F9982-AF4B-41B0-8E9B-B117144D368D}
		{0EB8A42C-1A95-4EC5-890E-6B8D2FAA8D03} = {E0A4DFA0-72D6-409A-AC09-20E9A722914F}
	EndGlobalSection
	GlobalSection(ExtensibilityGlobals) = postSolution
		SolutionGuid = {846A3B42-DCDB-4D72-8736-52E4FE3667FC}
	EndGlobalSection
EndGlobal
